
Microsoft Visual Studio Solution File, Format Version 12.00
# Visual Studio Version 17
VisualStudioVersion = 17.5.33516.290
MinimumVisualStudioVersion = 10.0.40219.1
Project("{FAE04EC0-301F-11D3-BF4B-00C04F79EFBC}") = "LevelEditor", "LevelEditor\LevelEditor.csproj", "{34F0D7BE-7127-4136-A1D7-44244BE9B935}"
EndProject
Global
	GlobalSection(SolutionConfigurationPlatforms) = preSolution
		Debug|Any CPU = Debug|Any CPU
		Release|Any CPU = Release|Any CPU
	EndGlobalSection
	GlobalSection(ProjectConfigurationPlatforms) = postSolution
		{34F0D7BE-7127-4136-A1D7-44244BE9B935}.Debug|Any CPU.ActiveCfg = Debug|Any CPU
		{34F0D7BE-7127-4136-A1D7-44244BE9B935}.Debug|Any CPU.Build.0 = Debug|Any CPU
		{34F0D7BE-7127-4136-A1D7-44244BE9B935}.Release|Any CPU.ActiveCfg = Release|Any CPU
		{34F0D7BE-7127-4136-A1D7-44244BE9B935}.Release|Any CPU.Build.0 = Release|Any CPU
	EndGlobalSection
	GlobalSection(SolutionProperties) = preSolution
		HideSolutionNode = FALSE
	EndGlobalSection
	GlobalSection(ExtensibilityGlobals) = postSolution
		SolutionGuid = {6423C6D0-BB97-413C-A373-9E79531FEE33}
	EndGlobalSection
EndGlobal
